
Microsoft Visual Studio Solution File, Format Version 12.00
# Visual Studio Version 17
VisualStudioVersion = 17.7.34024.191
MinimumVisualStudioVersion = 10.0.40219.1
Project("{FAE04EC0-301F-11D3-BF4B-00C04F79EFBC}") = "MapForLogger.03", "MapForLogger.03\MapForLogger.03.csproj", "{05A546F4-3ACE-427C-96A5-FD1DEE8B3227}"
EndProject
Global
	GlobalSection(SolutionConfigurationPlatforms) = preSolution
		Debug|Any CPU = Debug|Any CPU
		Release|Any CPU = Release|Any CPU
	EndGlobalSection
	GlobalSection(ProjectConfigurationPlatforms) = postSolution
		{05A546F4-3ACE-427C-96A5-FD1DEE8B3227}.Debug|Any CPU.ActiveCfg = Debug|Any CPU
		{05A546F4-3ACE-427C-96A5-FD1DEE8B3227}.Debug|Any CPU.Build.0 = Debug|Any CPU
		{05A546F4-3ACE-427C-96A5-FD1DEE8B3227}.Release|Any CPU.ActiveCfg = Release|Any CPU
		{05A546F4-3ACE-427C-96A5-FD1DEE8B3227}.Release|Any CPU.Build.0 = Release|Any CPU
	EndGlobalSection
	GlobalSection(SolutionProperties) = preSolution
		HideSolutionNode = FALSE
	EndGlobalSection
	GlobalSection(ExtensibilityGlobals) = postSolution
		SolutionGuid = {0E5030A0-7011-47B7-B1ED-64B8061C9D57}
	EndGlobalSection
EndGlobal
